{"is_source_file": false, "format": "", "description": "", "external_files": [], "external_methods": [], "published": [], "classes": [], "methods": [], "calls": [], "search-terms": [], "state": 2, "file_id": 4, "knowledge_revision": 16, "git_revision": "fe6692899937a05b6156b72b18e3b4cff43ba1ad", "hash": "9c4ed7ef73e22b872b8055bec08b8979", "format-version": 4, "code-base-name": "default", "filename": "tic_tac_toe_duel/post_process_status.lock", "revision_history": [{"16": "fe6692899937a05b6156b72b18e3b4cff43ba1ad"}]}